// !$*UTF8*$!
{
	archiveVersion = 1;
	classes = {
	};
	objectVersion = 50;
	objects = {

/* Begin PBXBuildFile section */
		9AF0108425C393C400F1FCDC /* AppDelegate.swift in Sources */ = {isa = PBXBuildFile; fileRef = 9AF0108325C393C400F1FCDC /* AppDelegate.swift */; };
		9AF0108625C393C400F1FCDC /* SceneDelegate.swift in Sources */ = {isa = PBXBuildFile; fileRef = 9AF0108525C393C400F1FCDC /* SceneDelegate.swift */; };
		9AF0108825C393C400F1FCDC /* ViewController.swift in Sources */ = {isa = PBXBuildFile; fileRef = 9AF0108725C393C400F1FCDC /* ViewController.swift */; };
		9AF0108B25C393C400F1FCDC /* Main.storyboard in Resources */ = {isa = PBXBuildFile; fileRef = 9AF0108925C393C400F1FCDC /* Main.storyboard */; };
		9AF0108D25C393C600F1FCDC /* Assets.xcassets in Resources */ = {isa = PBXBuildFile; fileRef = 9AF0108C25C393C600F1FCDC /* Assets.xcassets */; };
		9AF0109025C393C600F1FCDC /* LaunchScreen.storyboard in Resources */ = {isa = PBXBuildFile; fileRef = 9AF0108E25C393C600F1FCDC /* LaunchScreen.storyboard */; };
		9AF0109B25C393C600F1FCDC /* PreworkTests.swift in Sources */ = {isa = PBXBuildFile; fileRef = 9AF0109A25C393C600F1FCDC /* PreworkTests.swift */; };
		9AF010A625C393C600F1FCDC /* PreworkUITests.swift in Sources */ = {isa = PBXBuildFile; fileRef = 9AF010A525C393C600F1FCDC /* PreworkUITests.swift */; };
/* End PBXBuildFile section */

/* Begin PBXContainerItemProxy section */
		9AF0109725C393C600F1FCDC /* PBXContainerItemProxy */ = {
			isa = PBXContainerItemProxy;
			containerPortal = 9AF0107825C393C400F1FCDC /* Project object */;
			proxyType = 1;
			remoteGlobalIDString = 9AF0107F25C393C400F1FCDC;
			remoteInfo = Prework;
		};
		9AF010A225C393C600F1FCDC /* PBXContainerItemProxy */ = {
			isa = PBXContainerItemProxy;
			containerPortal = 9AF0107825C393C400F1FCDC /* Project object */;
			proxyType = 1;
			remoteGlobalIDString = 9AF0107F25C393C400F1FCDC;
			remoteInfo = Prework;
		};
/* End PBXContainerItemProxy section */

/* Begin PBXFileReference section */
		9AF0108025C393C400F1FCDC /* Prework.app */ = {isa = PBXFileReference; explicitFileType = wrapper.application; includeInIndex = 0; path = Prework.app; sourceTree = BUILT_PRODUCTS_DIR; };
		9AF0108325C393C400F1FCDC /* AppDelegate.swift */ = {isa = PBXFileReference; lastKnownFileType = sourcecode.swift; path = AppDelegate.swift; sourceTree = "<group>"; };
		9AF0108525C393C400F1FCDC /* SceneDelegate.swift */ = {isa = PBXFileReference; lastKnownFileType = sourcecode.swift; path = SceneDelegate.swift; sourceTree = "<group>"; };
		9AF0108725C393C400F1FCDC /* ViewController.swift */ = {isa = PBXFileReference; lastKnownFileType = sourcecode.swift; path = ViewController.swift; sourceTree = "<group>"; };
		9AF0108A25C393C400F1FCDC /* Base */ = {isa = PBXFileReference; lastKnownFileType = file.storyboard; name = Base; path = Base.lproj/Main.storyboard; sourceTree = "<group>"; };
		9AF0108C25C393C600F1FCDC /* Assets.xcassets */ = {isa = PBXFileReference; lastKnownFileType = folder.assetcatalog; path = Assets.xcassets; sourceTree = "<group>"; };
		9AF0108F25C393C600F1FCDC /* Base */ = {isa = PBXFileReference; lastKnownFileType = file.storyboard; name = Base; path = Base.lproj/LaunchScreen.storyboard; sourceTree = "<group>"; };
		9AF0109125C393C600F1FCDC /* Info.plist */ = {isa = PBXFileReference; lastKnownFileType = text.plist.xml; path = Info.plist; sourceTree = "<group>"; };
		9AF0109625C393C600F1FCDC /* PreworkTests.xctest */ = {isa = PBXFileReference; explicitFileType = wrapper.cfbundle; includeInIndex = 0; path = PreworkTests.xctest; sourceTree = BUILT_PRODUCTS_DIR; };
		9AF0109A25C393C600F1FCDC /* PreworkTests.swift */ = {isa = PBXFileReference; lastKnownFileType = sourcecode.swift; path = PreworkTests.swift; sourceTree = "<group>"; };
		9AF0109C25C393C600F1FCDC /* Info.plist */ = {isa = PBXFileReference; lastKnownFileType = text.plist.xml; path = Info.plist; sourceTree = "<group>"; };
		9AF010A125C393C600F1FCDC /* PreworkUITests.xctest */ = {isa = PBXFileReference; explicitFileType = wrapper.cfbundle; includeInIndex = 0; path = PreworkUITests.xctest; sourceTree = BUILT_PRODUCTS_DIR; };
		9AF010A525C393C600F1FCDC /* PreworkUITests.swift */ = {isa = PBXFileReference; lastKnownFileType = sourcecode.swift; path = PreworkUITests.swift; sourceTree = "<group>"; };
		9AF010A725C393C600F1FCDC /* Info.plist */ = {isa = PBXFileReference; lastKnownFileType = text.plist.xml; path = Info.plist; sourceTree = "<group>"; };
/* End PBXFileReference section */

/* Begin PBXFrameworksBuildPhase section */
		9AF0107D25C393C400F1FCDC /* Frameworks */ = {
			isa = PBXFrameworksBuildPhase;
			buildActionMask = 2147483647;
			files = (
			);
			runOnlyForDeploymentPostprocessing = 0;
		};
		9AF0109325C393C600F1FCDC /* Frameworks */ = {
			isa = PBXFrameworksBuildPhase;
			buildActionMask = 2147483647;
			files = (
			);
			runOnlyForDeploymentPostprocessing = 0;
		};
		9AF0109E25C393C600F1FCDC /* Frameworks */ = {
			isa = PBXFrameworksBuildPhase;
			buildActionMask = 2147483647;
			files = (
			);
			runOnlyForDeploymentPostprocessing = 0;
		};
/* End PBXFrameworksBuildPhase section */

/* Begin PBXGroup section */
		9AF0107725C393C400F1FCDC = {
			isa = PBXGroup;
			children = (
				9AF0108225C393C400F1FCDC /* Prework */,
				9AF0109925C393C600F1FCDC /* PreworkTests */,
				9AF010A425C393C600F1FCDC /* PreworkUITests */,
				9AF0108125C393C400F1FCDC /* Products */,
			);
			sourceTree = "<group>";
		};
		9AF0108125C393C400F1FCDC /* Products */ = {
			isa = PBXGroup;
			children = (
				9AF0108025C393C400F1FCDC /* Prework.app */,
				9AF0109625C393C600F1FCDC /* PreworkTests.xctest */,
				9AF010A125C393C600F1FCDC /* PreworkUITests.xctest */,
			);
			name = Products;
			sourceTree = "<group>";
		};
		9AF0108225C393C400F1FCDC /* Prework */ = {
			isa = PBXGroup;
			children = (
				9AF0108325C393C400F1FCDC /* AppDelegate.swift */,
				9AF0108525C393C400F1FCDC /* SceneDelegate.swift */,
				9AF0108725C393C400F1FCDC /* ViewController.swift */,
				9AF0108925C393C400F1FCDC /* Main.storyboard */,
				9AF0108C25C393C600F1FCDC /* Assets.xcassets */,
				9AF0108E25C393C600F1FCDC /* LaunchScreen.storyboard */,
				9AF0109125C393C600F1FCDC /* Info.plist */,
			);
			path = Prework;
			sourceTree = "<group>";
		};
		9AF0109925C393C600F1FCDC /* PreworkTests */ = {
			isa = PBXGroup;
			children = (
				9AF0109A25C393C600F1FCDC /* PreworkTests.swift */,
				9AF0109C25C393C600F1FCDC /* Info.plist */,
			);
			path = PreworkTests;
			sourceTree = "<group>";
		};
		9AF010A425C393C600F1FCDC /* PreworkUITests */ = {
			isa = PBXGroup;
			children = (
				9AF010A525C393C600F1FCDC /* PreworkUITests.swift */,
				9AF010A725C393C600F1FCDC /* Info.plist */,
			);
			path = PreworkUITests;
			sourceTree = "<group>";
		};
/* End PBXGroup section */

/* Begin PBXNativeTarget section */
		9AF0107F25C393C400F1FCDC /* Prework */ = {
			isa = PBXNativeTarget;
			buildConfigurationList = 9AF010AA25C393C600F1FCDC /* Build configuration list for PBXNativeTarget "Prework" */;
			buildPhases = (
				9AF0107C25C393C400F1FCDC /* Sources */,
				9AF0107D25C393C400F1FCDC /* Frameworks */,
				9AF0107E25C393C400F1FCDC /* Resources */,
			);
			buildRules = (
			);
			dependencies = (
			);
			name = Prework;
			productName = Prework;
			productReference = 9AF0108025C393C400F1FCDC /* Prework.app */;
			productType = "com.apple.product-type.application";
		};
		9AF0109525C393C600F1FCDC /* PreworkTests */ = {
			isa = PBXNativeTarget;
			buildConfigurationList = 9AF010AD25C393C600F1FCDC /* Build configuration list for PBXNativeTarget "PreworkTests" */;
			buildPhases = (
				9AF0109225C393C600F1FCDC /* Sources */,
				9AF0109325C393C600F1FCDC /* Frameworks */,
				9AF0109425C393C600F1FCDC /* Resources */,
			);
			buildRules = (
			);
			dependencies = (
				9AF0109825C393C600F1FCDC /* PBXTargetDependency */,
			);
			name = PreworkTests;
			productName = PreworkTests;
			productReference = 9AF0109625C393C600F1FCDC /* PreworkTests.xctest */;
			productType = "com.apple.product-type.bundle.unit-test";
		};
		9AF010A025C393C600F1FCDC /* PreworkUITests */ = {
			isa = PBXNativeTarget;
			buildConfigurationList = 9AF010B025C393C600F1FCDC /* Build configuration list for PBXNativeTarget "PreworkUITests" */;
			buildPhases = (
				9AF0109D25C393C600F1FCDC /* Sources */,
				9AF0109E25C393C600F1FCDC /* Frameworks */,
				9AF0109F25C393C600F1FCDC /* Resources */,
			);
			buildRules = (
			);
			dependencies = (
				9AF010A325C393C600F1FCDC /* PBXTargetDependency */,
			);
			name = PreworkUITests;
			productName = PreworkUITests;
			productReference = 9AF010A125C393C600F1FCDC /* PreworkUITests.xctest */;
			productType = "com.apple.product-type.bundle.ui-testing";
		};
/* End PBXNativeTarget section */

/* Begin PBXProject section */
		9AF0107825C393C400F1FCDC /* Project object */ = {
			isa = PBXProject;
			attributes = {
				LastSwiftUpdateCheck = 1240;
				LastUpgradeCheck = 1240;
				TargetAttributes = {
					9AF0107F25C393C400F1FCDC = {
						CreatedOnToolsVersion = 12.4;
					};
					9AF0109525C393C600F1FCDC = {
						CreatedOnToolsVersion = 12.4;
						TestTargetID = 9AF0107F25C393C400F1FCDC;
					};
					9AF010A025C393C600F1FCDC = {
						CreatedOnToolsVersion = 12.4;
						TestTargetID = 9AF0107F25C393C400F1FCDC;
					};
				};
			};
			buildConfigurationList = 9AF0107B25C393C400F1FCDC /* Build configuration list for PBXProject "Prework" */;
			compatibilityVersion = "Xcode 9.3";
			developmentRegion = en;
			hasScannedForEncodings = 0;
			knownRegions = (
				en,
				Base,
			);
			mainGroup = 9AF0107725C393C400F1FCDC;
			productRefGroup = 9AF0108125C393C400F1FCDC /* Products */;
			projectDirPath = "";
			projectRoot = "";
			targets = (
				9AF0107F25C393C400F1FCDC /* Prework */,
				9AF0109525C393C600F1FCDC /* PreworkTests */,
				9AF010A025C393C600F1FCDC /* PreworkUITests */,
			);
		};
/* End PBXProject section */

/* Begin PBXResourcesBuildPhase section */
		9AF0107E25C393C400F1FCDC /* Resources */ = {
			isa = PBXResourcesBuildPhase;
			buildActionMask = 2147483647;
			files = (
				9AF0109025C393C600F1FCDC /* LaunchScreen.storyboard in Resources */,
				9AF0108D25C393C600F1FCDC /* Assets.xcassets in Resources */,
				9AF0108B25C393C400F1FCDC /* Main.storyboard in Resources */,
			);
			runOnlyForDeploymentPostprocessing = 0;
		};
		9AF0109425C393C600F1FCDC /* Resources */ = {
			isa = PBXResourcesBuildPhase;
			buildActionMask = 2147483647;
			files = (
			);
			runOnlyForDeploymentPostprocessing = 0;
		};
		9AF0109F25C393C600F1FCDC /* Resources */ = {
			isa = PBXResourcesBuildPhase;
			buildActionMask = 2147483647;
			files = (
			);
			runOnlyForDeploymentPostprocessing = 0;
		};
/* End PBXResourcesBuildPhase section */

/* Begin PBXSourcesBuildPhase section */
		9AF0107C25C393C400F1FCDC /* Sources */ = {
			isa = PBXSourcesBuildPhase;
			buildActionMask = 2147483647;
			files = (
				9AF0108825C393C400F1FCDC /* ViewController.swift in Sources */,
				9AF0108425C393C400F1FCDC /* AppDelegate.swift in Sources */,
				9AF0108625C393C400F1FCDC /* SceneDelegate.swift in Sources */,
			);
			runOnlyForDeploymentPostprocessing = 0;
		};
		9AF0109225C393C600F1FCDC /* Sources */ = {
			isa = PBXSourcesBuildPhase;
			buildActionMask = 2147483647;
			files = (
				9AF0109B25C393C600F1FCDC /* PreworkTests.swift in Sources */,
			);
			runOnlyForDeploymentPostprocessing = 0;
		};
		9AF0109D25C393C600F1FCDC /* Sources */ = {
			isa = PBXSourcesBuildPhase;
			buildActionMask = 2147483647;
			files = (
				9AF010A625C393C600F1FCDC /* PreworkUITests.swift in Sources */,
			);
			runOnlyForDeploymentPostprocessing = 0;
		};
/* End PBXSourcesBuildPhase section */

/* Begin PBXTargetDependency section */
		9AF0109825C393C600F1FCDC /* PBXTargetDependency */ = {
			isa = PBXTargetDependency;
			target = 9AF0107F25C393C400F1FCDC /* Prework */;
			targetProxy = 9AF0109725C393C600F1FCDC /* PBXContainerItemProxy */;
		};
		9AF010A325C393C600F1FCDC /* PBXTargetDependency */ = {
			isa = PBXTargetDependency;
			target = 9AF0107F25C393C400F1FCDC /* Prework */;
			targetProxy = 9AF010A225C393C600F1FCDC /* PBXContainerItemProxy */;
		};
/* End PBXTargetDependency section */

/* Begin PBXVariantGroup section */
		9AF0108925C393C400F1FCDC /* Main.storyboard */ = {
			isa = PBXVariantGroup;
			children = (
				9AF0108A25C393C400F1FCDC /* Base */,
			);
			name = Main.storyboard;
			sourceTree = "<group>";
		};
		9AF0108E25C393C600F1FCDC /* LaunchScreen.storyboard */ = {
			isa = PBXVariantGroup;
			children = (
				9AF0108F25C393C600F1FCDC /* Base */,
			);
			name = LaunchScreen.storyboard;
			sourceTree = "<group>";
		};
/* End PBXVariantGroup section */

/* Begin XCBuildConfiguration section */
		9AF010A825C393C600F1FCDC /* Debug */ = {
			isa = XCBuildConfiguration;
			buildSettings = {
				ALWAYS_SEARCH_USER_PATHS = NO;
				CLANG_ANALYZER_NONNULL = YES;
				CLANG_ANALYZER_NUMBER_OBJECT_CONVERSION = YES_AGGRESSIVE;
				CLANG_CXX_LANGUAGE_STANDARD = "gnu++14";
				CLANG_CXX_LIBRARY = "libc++";
				CLANG_ENABLE_MODULES = YES;
				CLANG_ENABLE_OBJC_ARC = YES;
				CLANG_ENABLE_OBJC_WEAK = YES;
				CLANG_WARN_BLOCK_CAPTURE_AUTORELEASING = YES;
				CLANG_WARN_BOOL_CONVERSION = YES;
				CLANG_WARN_COMMA = YES;
				CLANG_WARN_CONSTANT_CONVERSION = YES;
				CLANG_WARN_DEPRECATED_OBJC_IMPLEMENTATIONS = YES;
				CLANG_WARN_DIRECT_OBJC_ISA_USAGE = YES_ERROR;
				CLANG_WARN_DOCUMENTATION_COMMENTS = YES;
				CLANG_WARN_EMPTY_BODY = YES;
				CLANG_WARN_ENUM_CONVERSION = YES;
				CLANG_WARN_INFINITE_RECURSION = YES;
				CLANG_WARN_INT_CONVERSION = YES;
				CLANG_WARN_NON_LITERAL_NULL_CONVERSION = YES;
				CLANG_WARN_OBJC_IMPLICIT_RETAIN_SELF = YES;
				CLANG_WARN_OBJC_LITERAL_CONVERSION = YES;
				CLANG_WARN_OBJC_ROOT_CLASS = YES_ERROR;
				CLANG_WARN_QUOTED_INCLUDE_IN_FRAMEWORK_HEADER = YES;
				CLANG_WARN_RANGE_LOOP_ANALYSIS = YES;
				CLANG_WARN_STRICT_PROTOTYPES = YES;
				CLANG_WARN_SUSPICIOUS_MOVE = YES;
				CLANG_WARN_UNGUARDED_AVAILABILITY = YES_AGGRESSIVE;
				CLANG_WARN_UNREACHABLE_CODE = YES;
				CLANG_WARN__DUPLICATE_METHOD_MATCH = YES;
				COPY_PHASE_STRIP = NO;
				DEBUG_INFORMATION_FORMAT = dwarf;
				ENABLE_STRICT_OBJC_MSGSEND = YES;
				ENABLE_TESTABILITY = YES;
				GCC_C_LANGUAGE_STANDARD = gnu11;
				GCC_DYNAMIC_NO_PIC = NO;
				GCC_NO_COMMON_BLOCKS = YES;
				GCC_OPTIMIZATION_LEVEL = 0;
				GCC_PREPROCESSOR_DEFINITIONS = (
					"DEBUG=1",
					"$(inherited)",
				);
				GCC_WARN_64_TO_32_BIT_CONVERSION = YES;
				GCC_WARN_ABOUT_RETURN_TYPE = YES_ERROR;
				GCC_WARN_UNDECLARED_SELECTOR = YES;
				GCC_WARN_UNINITIALIZED_AUTOS = YES_AGGRESSIVE;
				GCC_WARN_UNUSED_FUNCTION = YES;
				GCC_WARN_UNUSED_VARIABLE = YES;
				IPHONEOS_DEPLOYMENT_TARGET = 14.4;
				MTL_ENABLE_DEBUG_INFO = INCLUDE_SOURCE;
				MTL_FAST_MATH = YES;
				ONLY_ACTIVE_ARCH = YES;
				SDKROOT = iphoneos;
				SWIFT_ACTIVE_COMPILATION_CONDITIONS = DEBUG;
				SWIFT_OPTIMIZATION_LEVEL = "-Onone";
			};
			name = Debug;
		};
		9AF010A925C393C600F1FCDC /* Release */ = {
			isa = XCBuildConfiguration;
			buildSettings = {
				ALWAYS_SEARCH_USER_PATHS = NO;
				CLANG_ANALYZER_NONNULL = YES;
				CLANG_ANALYZER_NUMBER_OBJECT_CONVERSION = YES_AGGRESSIVE;
				CLANG_CXX_LANGUAGE_STANDARD = "gnu++14";
				CLANG_CXX_LIBRARY = "libc++";
				CLANG_ENABLE_MODULES = YES;
				CLANG_ENABLE_OBJC_ARC = YES;
				CLANG_ENABLE_OBJC_WEAK = YES;
				CLANG_WARN_BLOCK_CAPTURE_AUTORELEASING = YES;
				CLANG_WARN_BOOL_CONVERSION = YES;
				CLANG_WARN_COMMA = YES;
				CLANG_WARN_CONSTANT_CONVERSION = YES;
				CLANG_WARN_DEPRECATED_OBJC_IMPLEMENTATIONS = YES;
				CLANG_WARN_DIRECT_OBJC_ISA_USAGE = YES_ERROR;
				CLANG_WARN_DOCUMENTATION_COMMENTS = YES;
				CLANG_WARN_EMPTY_BODY = YES;
				CLANG_WARN_ENUM_CONVERSION = YES;
				CLANG_WARN_INFINITE_RECURSION = YES;
				CLANG_WARN_INT_CONVERSION = YES;
				CLANG_WARN_NON_LITERAL_NULL_CONVERSION = YES;
				CLANG_WARN_OBJC_IMPLICIT_RETAIN_SELF = YES;
				CLANG_WARN_OBJC_LITERAL_CONVERSION = YES;
				CLANG_WARN_OBJC_ROOT_CLASS = YES_ERROR;
				CLANG_WARN_QUOTED_INCLUDE_IN_FRAMEWORK_HEADER = YES;
				CLANG_WARN_RANGE_LOOP_ANALYSIS = YES;
				CLANG_WARN_STRICT_PROTOTYPES = YES;
				CLANG_WARN_SUSPICIOUS_MOVE = YES;
				CLANG_WARN_UNGUARDED_AVAILABILITY = YES_AGGRESSIVE;
				CLANG_WARN_UNREACHABLE_CODE = YES;
				CLANG_WARN__DUPLICATE_METHOD_MATCH = YES;
				COPY_PHASE_STRIP = NO;
				DEBUG_INFORMATION_FORMAT = "dwarf-with-dsym";
				ENABLE_NS_ASSERTIONS = NO;
				ENABLE_STRICT_OBJC_MSGSEND = YES;
				GCC_C_LANGUAGE_STANDARD = gnu11;
				GCC_NO_COMMON_BLOCKS = YES;
				GCC_WARN_64_TO_32_BIT_CONVERSION = YES;
				GCC_WARN_ABOUT_RETURN_TYPE = YES_ERROR;
				GCC_WARN_UNDECLARED_SELECTOR = YES;
				GCC_WARN_UNINITIALIZED_AUTOS = YES_AGGRESSIVE;
				GCC_WARN_UNUSED_FUNCTION = YES;
				GCC_WARN_UNUSED_VARIABLE = YES;
				IPHONEOS_DEPLOYMENT_TARGET = 14.4;
				MTL_ENABLE_DEBUG_INFO = NO;
				MTL_FAST_MATH = YES;
				SDKROOT = iphoneos;
				SWIFT_COMPILATION_MODE = wholemodule;
				SWIFT_OPTIMIZATION_LEVEL = "-O";
				VALIDATE_PRODUCT = YES;
			};
			name = Release;
		};
		9AF010AB25C393C600F1FCDC /* Debug */ = {
			isa = XCBuildConfiguration;
			buildSettings = {
				ASSETCATALOG_COMPILER_APPICON_NAME = AppIcon;
				ASSETCATALOG_COMPILER_GLOBAL_ACCENT_COLOR_NAME = AccentColor;
				CODE_SIGN_STYLE = Automatic;
				INFOPLIST_FILE = Prework/Info.plist;
				LD_RUNPATH_SEARCH_PATHS = (
					"$(inherited)",
					"@executable_path/Frameworks",
				);
				PRODUCT_BUNDLE_IDENTIFIER = memo.com.Prework;
				PRODUCT_NAME = "$(TARGET_NAME)";
				SWIFT_VERSION = 5.0;
				TARGETED_DEVICE_FAMILY = "1,2";
			};
			name = Debug;
		};
		9AF010AC25C393C600F1FCDC /* Release */ = {
			isa = XCBuildConfiguration;
			buildSettings = {
				ASSETCATALOG_COMPILER_APPICON_NAME = AppIcon;
				ASSETCATALOG_COMPILER_GLOBAL_ACCENT_COLOR_NAME = AccentColor;
				CODE_SIGN_STYLE = Automatic;
				INFOPLIST_FILE = Prework/Info.plist;
				LD_RUNPATH_SEARCH_PATHS = (
					"$(inherited)",
					"@executable_path/Frameworks",
				);
				PRODUCT_BUNDLE_IDENTIFIER = memo.com.Prework;
				PRODUCT_NAME = "$(TARGET_NAME)";
				SWIFT_VERSION = 5.0;
				TARGETED_DEVICE_FAMILY = "1,2";
			};
			name = Release;
		};
		9AF010AE25C393C600F1FCDC /* Debug */ = {
			isa = XCBuildConfiguration;
			buildSettings = {
				ALWAYS_EMBED_SWIFT_STANDARD_LIBRARIES = YES;
				BUNDLE_LOADER = "$(TEST_HOST)";
				CODE_SIGN_STYLE = Automatic;
				INFOPLIST_FILE = PreworkTests/Info.plist;
				IPHONEOS_DEPLOYMENT_TARGET = 14.4;
				LD_RUNPATH_SEARCH_PATHS = (
					"$(inherited)",
					"@executable_path/Frameworks",
					"@loader_path/Frameworks",
				);
				PRODUCT_BUNDLE_IDENTIFIER = memo.com.PreworkTests;
				PRODUCT_NAME = "$(TARGET_NAME)";
				SWIFT_VERSION = 5.0;
				TARGETED_DEVICE_FAMILY = "1,2";
				TEST_HOST = "$(BUILT_PRODUCTS_DIR)/Prework.app/Prework";
			};
			name = Debug;
		};
		9AF010AF25C393C600F1FCDC /* Release */ = {
			isa = XCBuildConfiguration;
			buildSettings = {
				ALWAYS_EMBED_SWIFT_STANDARD_LIBRARIES = YES;
				BUNDLE_LOADER = "$(TEST_HOST)";
				CODE_SIGN_STYLE = Automatic;
				INFOPLIST_FILE = PreworkTests/Info.plist;
				IPHONEOS_DEPLOYMENT_TARGET = 14.4;
				LD_RUNPATH_SEARCH_PATHS = (
					"$(inherited)",
					"@executable_path/Frameworks",
					"@loader_path/Frameworks",
				);
				PRODUCT_BUNDLE_IDENTIFIER = memo.com.PreworkTests;
				PRODUCT_NAME = "$(TARGET_NAME)";
				SWIFT_VERSION = 5.0;
				TARGETED_DEVICE_FAMILY = "1,2";
				TEST_HOST = "$(BUILT_PRODUCTS_DIR)/Prework.app/Prework";
			};
			name = Release;
		};
		9AF010B125C393C600F1FCDC /* Debug */ = {
			isa = XCBuildConfiguration;
			buildSettings = {
				ALWAYS_EMBED_SWIFT_STANDARD_LIBRARIES = YES;
				CODE_SIGN_STYLE = Automatic;
				INFOPLIST_FILE = PreworkUITests/Info.plist;
				LD_RUNPATH_SEARCH_PATHS = (
					"$(inherited)",
					"@executable_path/Frameworks",
					"@loader_path/Frameworks",
				);
				PRODUCT_BUNDLE_IDENTIFIER = memo.com.PreworkUITests;
				PRODUCT_NAME = "$(TARGET_NAME)";
				SWIFT_VERSION = 5.0;
				TARGETED_DEVICE_FAMILY = "1,2";
				TEST_TARGET_NAME = Prework;
			};
			name = Debug;
		};
		9AF010B225C393C600F1FCDC /* Release */ = {
			isa = XCBuildConfiguration;
			buildSettings = {
				ALWAYS_EMBED_SWIFT_STANDARD_LIBRARIES = YES;
				CODE_SIGN_STYLE = Automatic;
				INFOPLIST_FILE = PreworkUITests/Info.plist;
				LD_RUNPATH_SEARCH_PATHS = (
					"$(inherited)",
					"@executable_path/Frameworks",
					"@loader_path/Frameworks",
				);
				PRODUCT_BUNDLE_IDENTIFIER = memo.com.PreworkUITests;
				PRODUCT_NAME = "$(TARGET_NAME)";
				SWIFT_VERSION = 5.0;
				TARGETED_DEVICE_FAMILY = "1,2";
				TEST_TARGET_NAME = Prework;
			};
			name = Release;
		};
/* End XCBuildConfiguration section */

/* Begin XCConfigurationList section */
		9AF0107B25C393C400F1FCDC /* Build configuration list for PBXProject "Prework" */ = {
			isa = XCConfigurationList;
			buildConfigurations = (
				9AF010A825C393C600F1FCDC /* Debug */,
				9AF010A925C393C600F1FCDC /* Release */,
			);
			defaultConfigurationIsVisible = 0;
			defaultConfigurationName = Release;
		};
		9AF010AA25C393C600F1FCDC /* Build configuration list for PBXNativeTarget "Prework" */ = {
			isa = XCConfigurationList;
			buildConfigurations = (
				9AF010AB25C393C600F1FCDC /* Debug */,
				9AF010AC25C393C600F1FCDC /* Release */,
			);
			defaultConfigurationIsVisible = 0;
			defaultConfigurationName = Release;
		};
		9AF010AD25C393C600F1FCDC /* Build configuration list for PBXNativeTarget "PreworkTests" */ = {
			isa = XCConfigurationList;
			buildConfigurations = (
				9AF010AE25C393C600F1FCDC /* Debug */,
				9AF010AF25C393C600F1FCDC /* Release */,
			);
			defaultConfigurationIsVisible = 0;
			defaultConfigurationName = Release;
		};
		9AF010B025C393C600F1FCDC /* Build configuration list for PBXNativeTarget "PreworkUITests" */ = {
			isa = XCConfigurationList;
			buildConfigurations = (
				9AF010B125C393C600F1FCDC /* Debug */,
				9AF010B225C393C600F1FCDC /* Release */,
			);
			defaultConfigurationIsVisible = 0;
			defaultConfigurationName = Release;
		};
/* End XCConfigurationList section */
	};
	rootObject = 9AF0107825C393C400F1FCDC /* Project object */;
}
